// !$*UTF8*$!
{
	archiveVersion = 1;
	classes = {
	};
	objectVersion = 50;
	objects = {

/* Begin PBXBuildFile section */
		3B31BB3624A8976B0089C69A /* LastCell.m in Sources */ = {isa = PBXBuildFile; fileRef = 3B31BB2924A8976B0089C69A /* LastCell.m */; };
		3B31BB3724A8976B0089C69A /* LastPageViewController.m in Sources */ = {isa = PBXBuildFile; fileRef = 3B31BB2C24A8976B0089C69A /* LastPageViewController.m */; };
		3B31BB3824A8976B0089C69A /* ViewController.m in Sources */ = {isa = PBXBuildFile; fileRef = 3B31BB2F24A8976B0089C69A /* ViewController.m */; settings = {COMPILER_FLAGS = "-fno-objc-arc"; }; };
		3B31BB3924A8976B0089C69A /* BlockTestViewController.m in Sources */ = {isa = PBXBuildFile; fileRef = 3B31BB3024A8976B0089C69A /* BlockTestViewController.m */; };
		3B31BB3A24A8976B0089C69A /* BlockAController.m in Sources */ = {isa = PBXBuildFile; fileRef = 3B31BB3124A8976B0089C69A /* BlockAController.m */; };
		3B31BB3B24A8976B0089C69A /* BlockBController.m in Sources */ = {isa = PBXBuildFile; fileRef = 3B31BB3524A8976B0089C69A /* BlockBController.m */; };
		3B31BB3E24A8991F0089C69A /* BlockCController.m in Sources */ = {isa = PBXBuildFile; fileRef = 3B31BB3D24A8991F0089C69A /* BlockCController.m */; };
		3B31BB4124A8998B0089C69A /* BaseViewController.m in Sources */ = {isa = PBXBuildFile; fileRef = 3B31BB4024A8998B0089C69A /* BaseViewController.m */; };
		3B31BB4424A98D740089C69A /* BlockCCell.m in Sources */ = {isa = PBXBuildFile; fileRef = 3B31BB4324A98D740089C69A /* BlockCCell.m */; };
		3B3FEB44249A193000CB1BD2 /* AppDelegate.m in Sources */ = {isa = PBXBuildFile; fileRef = 3B3FEB43249A193000CB1BD2 /* AppDelegate.m */; };
		3B3FEB47249A193000CB1BD2 /* SceneDelegate.m in Sources */ = {isa = PBXBuildFile; fileRef = 3B3FEB46249A193000CB1BD2 /* SceneDelegate.m */; };
		3B3FEB4D249A193000CB1BD2 /* Main.storyboard in Resources */ = {isa = PBXBuildFile; fileRef = 3B3FEB4B249A193000CB1BD2 /* Main.storyboard */; };
		3B3FEB4F249A193200CB1BD2 /* Assets.xcassets in Resources */ = {isa = PBXBuildFile; fileRef = 3B3FEB4E249A193200CB1BD2 /* Assets.xcassets */; };
		3B3FEB52249A193200CB1BD2 /* LaunchScreen.storyboard in Resources */ = {isa = PBXBuildFile; fileRef = 3B3FEB50249A193200CB1BD2 /* LaunchScreen.storyboard */; };
		3B3FEB55249A193200CB1BD2 /* main.m in Sources */ = {isa = PBXBuildFile; fileRef = 3B3FEB54249A193200CB1BD2 /* main.m */; };
		3B4D98FA24AC80D70014BDDB /* MemoryController.m in Sources */ = {isa = PBXBuildFile; fileRef = 3B4D98F924AC80D70014BDDB /* MemoryController.m */; };
/* End PBXBuildFile section */

/* Begin PBXFileReference section */
		3B31BB2924A8976B0089C69A /* LastCell.m */ = {isa = PBXFileReference; fileEncoding = 4; lastKnownFileType = sourcecode.c.objc; path = LastCell.m; sourceTree = "<group>"; };
		3B31BB2A24A8976B0089C69A /* LastCell.h */ = {isa = PBXFileReference; fileEncoding = 4; lastKnownFileType = sourcecode.c.h; path = LastCell.h; sourceTree = "<group>"; };
		3B31BB2C24A8976B0089C69A /* LastPageViewController.m */ = {isa = PBXFileReference; fileEncoding = 4; lastKnownFileType = sourcecode.c.objc; path = LastPageViewController.m; sourceTree = "<group>"; };
		3B31BB2D24A8976B0089C69A /* BlockAController.h */ = {isa = PBXFileReference; fileEncoding = 4; lastKnownFileType = sourcecode.c.h; path = BlockAController.h; sourceTree = "<group>"; };
		3B31BB2E24A8976B0089C69A /* BlockBController.h */ = {isa = PBXFileReference; fileEncoding = 4; lastKnownFileType = sourcecode.c.h; path = BlockBController.h; sourceTree = "<group>"; };
		3B31BB2F24A8976B0089C69A /* ViewController.m */ = {isa = PBXFileReference; fileEncoding = 4; lastKnownFileType = sourcecode.c.objc; path = ViewController.m; sourceTree = "<group>"; };
		3B31BB3024A8976B0089C69A /* BlockTestViewController.m */ = {isa = PBXFileReference; fileEncoding = 4; lastKnownFileType = sourcecode.c.objc; path = BlockTestViewController.m; sourceTree = "<group>"; };
		3B31BB3124A8976B0089C69A /* BlockAController.m */ = {isa = PBXFileReference; fileEncoding = 4; lastKnownFileType = sourcecode.c.objc; path = BlockAController.m; sourceTree = "<group>"; };
		3B31BB3224A8976B0089C69A /* LastPageViewController.h */ = {isa = PBXFileReference; fileEncoding = 4; lastKnownFileType = sourcecode.c.h; path = LastPageViewController.h; sourceTree = "<group>"; };
		3B31BB3324A8976B0089C69A /* BlockTestViewController.h */ = {isa = PBXFileReference; fileEncoding = 4; lastKnownFileType = sourcecode.c.h; path = BlockTestViewController.h; sourceTree = "<group>"; };
		3B31BB3424A8976B0089C69A /* ViewController.h */ = {isa = PBXFileReference; fileEncoding = 4; lastKnownFileType = sourcecode.c.h; path = ViewController.h; sourceTree = "<group>"; };
		3B31BB3524A8976B0089C69A /* BlockBController.m */ = {isa = PBXFileReference; fileEncoding = 4; lastKnownFileType = sourcecode.c.objc; path = BlockBController.m; sourceTree = "<group>"; };
		3B31BB3C24A8991F0089C69A /* BlockCController.h */ = {isa = PBXFileReference; lastKnownFileType = sourcecode.c.h; path = BlockCController.h; sourceTree = "<group>"; };
		3B31BB3D24A8991F0089C69A /* BlockCController.m */ = {isa = PBXFileReference; lastKnownFileType = sourcecode.c.objc; path = BlockCController.m; sourceTree = "<group>"; };
		3B31BB3F24A8998B0089C69A /* BaseViewController.h */ = {isa = PBXFileReference; lastKnownFileType = sourcecode.c.h; path = BaseViewController.h; sourceTree = "<group>"; };
		3B31BB4024A8998B0089C69A /* BaseViewController.m */ = {isa = PBXFileReference; lastKnownFileType = sourcecode.c.objc; path = BaseViewController.m; sourceTree = "<group>"; };
		3B31BB4224A98D740089C69A /* BlockCCell.h */ = {isa = PBXFileReference; lastKnownFileType = sourcecode.c.h; path = BlockCCell.h; sourceTree = "<group>"; };
		3B31BB4324A98D740089C69A /* BlockCCell.m */ = {isa = PBXFileReference; lastKnownFileType = sourcecode.c.objc; path = BlockCCell.m; sourceTree = "<group>"; };
		3B3FEB3F249A193000CB1BD2 /* Test.app */ = {isa = PBXFileReference; explicitFileType = wrapper.application; includeInIndex = 0; path = Test.app; sourceTree = BUILT_PRODUCTS_DIR; };
		3B3FEB42249A193000CB1BD2 /* AppDelegate.h */ = {isa = PBXFileReference; lastKnownFileType = sourcecode.c.h; path = AppDelegate.h; sourceTree = "<group>"; };
		3B3FEB43249A193000CB1BD2 /* AppDelegate.m */ = {isa = PBXFileReference; lastKnownFileType = sourcecode.c.objc; path = AppDelegate.m; sourceTree = "<group>"; };
		3B3FEB45249A193000CB1BD2 /* SceneDelegate.h */ = {isa = PBXFileReference; lastKnownFileType = sourcecode.c.h; path = SceneDelegate.h; sourceTree = "<group>"; };
		3B3FEB46249A193000CB1BD2 /* SceneDelegate.m */ = {isa = PBXFileReference; lastKnownFileType = sourcecode.c.objc; path = SceneDelegate.m; sourceTree = "<group>"; };
		3B3FEB4C249A193000CB1BD2 /* Base */ = {isa = PBXFileReference; lastKnownFileType = file.storyboard; name = Base; path = Base.lproj/Main.storyboard; sourceTree = "<group>"; };
		3B3FEB4E249A193200CB1BD2 /* Assets.xcassets */ = {isa = PBXFileReference; lastKnownFileType = folder.assetcatalog; path = Assets.xcassets; sourceTree = "<group>"; };
		3B3FEB51249A193200CB1BD2 /* Base */ = {isa = PBXFileReference; lastKnownFileType = file.storyboard; name = Base; path = Base.lproj/LaunchScreen.storyboard; sourceTree = "<group>"; };
		3B3FEB53249A193200CB1BD2 /* Info.plist */ = {isa = PBXFileReference; lastKnownFileType = text.plist.xml; path = Info.plist; sourceTree = "<group>"; };
		3B3FEB54249A193200CB1BD2 /* main.m */ = {isa = PBXFileReference; lastKnownFileType = sourcecode.c.objc; path = main.m; sourceTree = "<group>"; };
		3B4D98F824AC80D70014BDDB /* MemoryController.h */ = {isa = PBXFileReference; lastKnownFileType = sourcecode.c.h; path = MemoryController.h; sourceTree = "<group>"; };
		3B4D98F924AC80D70014BDDB /* MemoryController.m */ = {isa = PBXFileReference; lastKnownFileType = sourcecode.c.objc; path = MemoryController.m; sourceTree = "<group>"; };
/* End PBXFileReference section */

/* Begin PBXFrameworksBuildPhase section */
		3B3FEB3C249A193000CB1BD2 /* Frameworks */ = {
			isa = PBXFrameworksBuildPhase;
			buildActionMask = 2147483647;
			files = (
			);
			runOnlyForDeploymentPostprocessing = 0;
		};
/* End PBXFrameworksBuildPhase section */

/* Begin PBXGroup section */
		3B31BB2824A8976B0089C69A /* View */ = {
			isa = PBXGroup;
			children = (
				3B31BB2A24A8976B0089C69A /* LastCell.h */,
				3B31BB2924A8976B0089C69A /* LastCell.m */,
				3B31BB4224A98D740089C69A /* BlockCCell.h */,
				3B31BB4324A98D740089C69A /* BlockCCell.m */,
			);
			path = View;
			sourceTree = "<group>";
		};
		3B31BB2B24A8976B0089C69A /* VC */ = {
			isa = PBXGroup;
			children = (
				3B31BB3424A8976B0089C69A /* ViewController.h */,
				3B31BB2F24A8976B0089C69A /* ViewController.m */,
				3B31BB3F24A8998B0089C69A /* BaseViewController.h */,
				3B31BB4024A8998B0089C69A /* BaseViewController.m */,
				3B31BB3324A8976B0089C69A /* BlockTestViewController.h */,
				3B31BB3024A8976B0089C69A /* BlockTestViewController.m */,
				3B31BB2D24A8976B0089C69A /* BlockAController.h */,
				3B31BB3124A8976B0089C69A /* BlockAController.m */,
				3B31BB2E24A8976B0089C69A /* BlockBController.h */,
				3B31BB3524A8976B0089C69A /* BlockBController.m */,
				3B31BB3C24A8991F0089C69A /* BlockCController.h */,
				3B31BB3D24A8991F0089C69A /* BlockCController.m */,
				3B31BB3224A8976B0089C69A /* LastPageViewController.h */,
				3B31BB2C24A8976B0089C69A /* LastPageViewController.m */,
				3B4D98F824AC80D70014BDDB /* MemoryController.h */,
				3B4D98F924AC80D70014BDDB /* MemoryController.m */,
			);
			path = VC;
			sourceTree = "<group>";
		};
		3B3FEB36249A193000CB1BD2 = {
			isa = PBXGroup;
			children = (
				3B3FEB41249A193000CB1BD2 /* Test */,
				3B3FEB40249A193000CB1BD2 /* Products */,
			);
			sourceTree = "<group>";
		};
		3B3FEB40249A193000CB1BD2 /* Products */ = {
			isa = PBXGroup;
			children = (
				3B3FEB3F249A193000CB1BD2 /* Test.app */,
			);
			name = Products;
			sourceTree = "<group>";
		};
		3B3FEB41249A193000CB1BD2 /* Test */ = {
			isa = PBXGroup;
			children = (
				3B3FEB42249A193000CB1BD2 /* AppDelegate.h */,
				3B3FEB43249A193000CB1BD2 /* AppDelegate.m */,
				3B3FEB45249A193000CB1BD2 /* SceneDelegate.h */,
				3B3FEB46249A193000CB1BD2 /* SceneDelegate.m */,
				3B31BB2B24A8976B0089C69A /* VC */,
				3B31BB2824A8976B0089C69A /* View */,
				3B3FEB4B249A193000CB1BD2 /* Main.storyboard */,
				3B3FEB4E249A193200CB1BD2 /* Assets.xcassets */,
				3B3FEB50249A193200CB1BD2 /* LaunchScreen.storyboard */,
				3B3FEB53249A193200CB1BD2 /* Info.plist */,
				3B3FEB54249A193200CB1BD2 /* main.m */,
			);
			path = Test;
			sourceTree = "<group>";
		};
/* End PBXGroup section */

/* Begin PBXNativeTarget section */
		3B3FEB3E249A193000CB1BD2 /* Test */ = {
			isa = PBXNativeTarget;
			buildConfigurationList = 3B3FEB58249A193200CB1BD2 /* Build configuration list for PBXNativeTarget "Test" */;
			buildPhases = (
				3B3FEB3B249A193000CB1BD2 /* Sources */,
				3B3FEB3C249A193000CB1BD2 /* Frameworks */,
				3B3FEB3D249A193000CB1BD2 /* Resources */,
			);
			buildRules = (
			);
			dependencies = (
			);
			name = Test;
			productName = Test;
			productReference = 3B3FEB3F249A193000CB1BD2 /* Test.app */;
			productType = "com.apple.product-type.application";
		};
/* End PBXNativeTarget section */

/* Begin PBXProject section */
		3B3FEB37249A193000CB1BD2 /* Project object */ = {
			isa = PBXProject;
			attributes = {
				LastUpgradeCheck = 1130;
				ORGANIZATIONNAME = weiman;
				TargetAttributes = {
					3B3FEB3E249A193000CB1BD2 = {
						CreatedOnToolsVersion = 11.3.1;
					};
				};
			};
			buildConfigurationList = 3B3FEB3A249A193000CB1BD2 /* Build configuration list for PBXProject "Test" */;
			compatibilityVersion = "Xcode 9.3";
			developmentRegion = en;
			hasScannedForEncodings = 0;
			knownRegions = (
				en,
				Base,
			);
			mainGroup = 3B3FEB36249A193000CB1BD2;
			productRefGroup = 3B3FEB40249A193000CB1BD2 /* Products */;
			projectDirPath = "";
			projectRoot = "";
			targets = (
				3B3FEB3E249A193000CB1BD2 /* Test */,
			);
		};
/* End PBXProject section */

/* Begin PBXResourcesBuildPhase section */
		3B3FEB3D249A193000CB1BD2 /* Resources */ = {
			isa = PBXResourcesBuildPhase;
			buildActionMask = 2147483647;
			files = (
				3B3FEB52249A193200CB1BD2 /* LaunchScreen.storyboard in Resources */,
				3B3FEB4F249A193200CB1BD2 /* Assets.xcassets in Resources */,
				3B3FEB4D249A193000CB1BD2 /* Main.storyboard in Resources */,
			);
			runOnlyForDeploymentPostprocessing = 0;
		};
/* End PBXResourcesBuildPhase section */

/* Begin PBXSourcesBuildPhase section */
		3B3FEB3B249A193000CB1BD2 /* Sources */ = {
			isa = PBXSourcesBuildPhase;
			buildActionMask = 2147483647;
			files = (
				3B31BB3824A8976B0089C69A /* ViewController.m in Sources */,
				3B31BB3E24A8991F0089C69A /* BlockCController.m in Sources */,
				3B31BB4124A8998B0089C69A /* BaseViewController.m in Sources */,
				3B31BB3924A8976B0089C69A /* BlockTestViewController.m in Sources */,
				3B3FEB44249A193000CB1BD2 /* AppDelegate.m in Sources */,
				3B31BB3624A8976B0089C69A /* LastCell.m in Sources */,
				3B31BB3724A8976B0089C69A /* LastPageViewController.m in Sources */,
				3B31BB3A24A8976B0089C69A /* BlockAController.m in Sources */,
				3B31BB3B24A8976B0089C69A /* BlockBController.m in Sources */,
				3B31BB4424A98D740089C69A /* BlockCCell.m in Sources */,
				3B3FEB55249A193200CB1BD2 /* main.m in Sources */,
				3B4D98FA24AC80D70014BDDB /* MemoryController.m in Sources */,
				3B3FEB47249A193000CB1BD2 /* SceneDelegate.m in Sources */,
			);
			runOnlyForDeploymentPostprocessing = 0;
		};
/* End PBXSourcesBuildPhase section */

/* Begin PBXVariantGroup section */
		3B3FEB4B249A193000CB1BD2 /* Main.storyboard */ = {
			isa = PBXVariantGroup;
			children = (
				3B3FEB4C249A193000CB1BD2 /* Base */,
			);
			name = Main.storyboard;
			sourceTree = "<group>";
		};
		3B3FEB50249A193200CB1BD2 /* LaunchScreen.storyboard */ = {
			isa = PBXVariantGroup;
			children = (
				3B3FEB51249A193200CB1BD2 /* Base */,
			);
			name = LaunchScreen.storyboard;
			sourceTree = "<group>";
		};
/* End PBXVariantGroup section */

/* Begin XCBuildConfiguration section */
		3B3FEB56249A193200CB1BD2 /* Debug */ = {
			isa = XCBuildConfiguration;
			buildSettings = {
				ALWAYS_SEARCH_USER_PATHS = NO;
				CLANG_ANALYZER_NONNULL = YES;
				CLANG_ANALYZER_NUMBER_OBJECT_CONVERSION = YES_AGGRESSIVE;
				CLANG_CXX_LANGUAGE_STANDARD = "gnu++14";
				CLANG_CXX_LIBRARY = "libc++";
				CLANG_ENABLE_MODULES = YES;
				CLANG_ENABLE_OBJC_ARC = YES;
				CLANG_ENABLE_OBJC_WEAK = YES;
				CLANG_WARN_BLOCK_CAPTURE_AUTORELEASING = YES;
				CLANG_WARN_BOOL_CONVERSION = YES;
				CLANG_WARN_COMMA = YES;
				CLANG_WARN_CONSTANT_CONVERSION = YES;
				CLANG_WARN_DEPRECATED_OBJC_IMPLEMENTATIONS = YES;
				CLANG_WARN_DIRECT_OBJC_ISA_USAGE = YES_ERROR;
				CLANG_WARN_DOCUMENTATION_COMMENTS = YES;
				CLANG_WARN_EMPTY_BODY = YES;
				CLANG_WARN_ENUM_CONVERSION = YES;
				CLANG_WARN_INFINITE_RECURSION = YES;
				CLANG_WARN_INT_CONVERSION = YES;
				CLANG_WARN_NON_LITERAL_NULL_CONVERSION = YES;
				CLANG_WARN_OBJC_IMPLICIT_RETAIN_SELF = YES;
				CLANG_WARN_OBJC_LITERAL_CONVERSION = YES;
				CLANG_WARN_OBJC_ROOT_CLASS = YES_ERROR;
				CLANG_WARN_RANGE_LOOP_ANALYSIS = YES;
				CLANG_WARN_STRICT_PROTOTYPES = YES;
				CLANG_WARN_SUSPICIOUS_MOVE = YES;
				CLANG_WARN_UNGUARDED_AVAILABILITY = YES_AGGRESSIVE;
				CLANG_WARN_UNREACHABLE_CODE = YES;
				CLANG_WARN__DUPLICATE_METHOD_MATCH = YES;
				COPY_PHASE_STRIP = NO;
				DEBUG_INFORMATION_FORMAT = dwarf;
				ENABLE_STRICT_OBJC_MSGSEND = YES;
				ENABLE_TESTABILITY = YES;
				GCC_C_LANGUAGE_STANDARD = gnu11;
				GCC_DYNAMIC_NO_PIC = NO;
				GCC_NO_COMMON_BLOCKS = YES;
				GCC_OPTIMIZATION_LEVEL = 0;
				GCC_PREPROCESSOR_DEFINITIONS = (
					"DEBUG=1",
					"$(inherited)",
				);
				GCC_WARN_64_TO_32_BIT_CONVERSION = YES;
				GCC_WARN_ABOUT_RETURN_TYPE = YES_ERROR;
				GCC_WARN_UNDECLARED_SELECTOR = YES;
				GCC_WARN_UNINITIALIZED_AUTOS = YES_AGGRESSIVE;
				GCC_WARN_UNUSED_FUNCTION = YES;
				GCC_WARN_UNUSED_VARIABLE = YES;
				IPHONEOS_DEPLOYMENT_TARGET = 13.2;
				MTL_ENABLE_DEBUG_INFO = INCLUDE_SOURCE;
				MTL_FAST_MATH = YES;
				ONLY_ACTIVE_ARCH = YES;
				SDKROOT = iphoneos;
			};
			name = Debug;
		};
		3B3FEB57249A193200CB1BD2 /* Release */ = {
			isa = XCBuildConfiguration;
			buildSettings = {
				ALWAYS_SEARCH_USER_PATHS = NO;
				CLANG_ANALYZER_NONNULL = YES;
				CLANG_ANALYZER_NUMBER_OBJECT_CONVERSION = YES_AGGRESSIVE;
				CLANG_CXX_LANGUAGE_STANDARD = "gnu++14";
				CLANG_CXX_LIBRARY = "libc++";
				CLANG_ENABLE_MODULES = YES;
				CLANG_ENABLE_OBJC_ARC = YES;
				CLANG_ENABLE_OBJC_WEAK = YES;
				CLANG_WARN_BLOCK_CAPTURE_AUTORELEASING = YES;
				CLANG_WARN_BOOL_CONVERSION = YES;
				CLANG_WARN_COMMA = YES;
				CLANG_WARN_CONSTANT_CONVERSION = YES;
				CLANG_WARN_DEPRECATED_OBJC_IMPLEMENTATIONS = YES;
				CLANG_WARN_DIRECT_OBJC_ISA_USAGE = YES_ERROR;
				CLANG_WARN_DOCUMENTATION_COMMENTS = YES;
				CLANG_WARN_EMPTY_BODY = YES;
				CLANG_WARN_ENUM_CONVERSION = YES;
				CLANG_WARN_INFINITE_RECURSION = YES;
				CLANG_WARN_INT_CONVERSION = YES;
				CLANG_WARN_NON_LITERAL_NULL_CONVERSION = YES;
				CLANG_WARN_OBJC_IMPLICIT_RETAIN_SELF = YES;
				CLANG_WARN_OBJC_LITERAL_CONVERSION = YES;
				CLANG_WARN_OBJC_ROOT_CLASS = YES_ERROR;
				CLANG_WARN_RANGE_LOOP_ANALYSIS = YES;
				CLANG_WARN_STRICT_PROTOTYPES = YES;
				CLANG_WARN_SUSPICIOUS_MOVE = YES;
				CLANG_WARN_UNGUARDED_AVAILABILITY = YES_AGGRESSIVE;
				CLANG_WARN_UNREACHABLE_CODE = YES;
				CLANG_WARN__DUPLICATE_METHOD_MATCH = YES;
				COPY_PHASE_STRIP = NO;
				DEBUG_INFORMATION_FORMAT = "dwarf-with-dsym";
				ENABLE_NS_ASSERTIONS = NO;
				ENABLE_STRICT_OBJC_MSGSEND = YES;
				GCC_C_LANGUAGE_STANDARD = gnu11;
				GCC_NO_COMMON_BLOCKS = YES;
				GCC_WARN_64_TO_32_BIT_CONVERSION = YES;
				GCC_WARN_ABOUT_RETURN_TYPE = YES_ERROR;
				GCC_WARN_UNDECLARED_SELECTOR = YES;
				GCC_WARN_UNINITIALIZED_AUTOS = YES_AGGRESSIVE;
				GCC_WARN_UNUSED_FUNCTION = YES;
				GCC_WARN_UNUSED_VARIABLE = YES;
				IPHONEOS_DEPLOYMENT_TARGET = 13.2;
				MTL_ENABLE_DEBUG_INFO = NO;
				MTL_FAST_MATH = YES;
				SDKROOT = iphoneos;
				VALIDATE_PRODUCT = YES;
			};
			name = Release;
		};
		3B3FEB59249A193200CB1BD2 /* Debug */ = {
			isa = XCBuildConfiguration;
			buildSettings = {
				ASSETCATALOG_COMPILER_APPICON_NAME = AppIcon;
				CLANG_ENABLE_OBJC_ARC = YES;
				CODE_SIGN_STYLE = Automatic;
				INFOPLIST_FILE = Test/Info.plist;
				LD_RUNPATH_SEARCH_PATHS = (
					"$(inherited)",
					"@executable_path/Frameworks",
				);
				PRODUCT_BUNDLE_IDENTIFIER = com.weiman.Test;
				PRODUCT_NAME = "$(TARGET_NAME)";
				TARGETED_DEVICE_FAMILY = "1,2";
			};
			name = Debug;
		};
		3B3FEB5A249A193200CB1BD2 /* Release */ = {
			isa = XCBuildConfiguration;
			buildSettings = {
				ASSETCATALOG_COMPILER_APPICON_NAME = AppIcon;
				CLANG_ENABLE_OBJC_ARC = YES;
				CODE_SIGN_STYLE = Automatic;
				INFOPLIST_FILE = Test/Info.plist;
				LD_RUNPATH_SEARCH_PATHS = (
					"$(inherited)",
					"@executable_path/Frameworks",
				);
				PRODUCT_BUNDLE_IDENTIFIER = com.weiman.Test;
				PRODUCT_NAME = "$(TARGET_NAME)";
				TARGETED_DEVICE_FAMILY = "1,2";
			};
			name = Release;
		};
/* End XCBuildConfiguration section */

/* Begin XCConfigurationList section */
		3B3FEB3A249A193000CB1BD2 /* Build configuration list for PBXProject "Test" */ = {
			isa = XCConfigurationList;
			buildConfigurations = (
				3B3FEB56249A193200CB1BD2 /* Debug */,
				3B3FEB57249A193200CB1BD2 /* Release */,
			);
			defaultConfigurationIsVisible = 0;
			defaultConfigurationName = Release;
		};
		3B3FEB58249A193200CB1BD2 /* Build configuration list for PBXNativeTarget "Test" */ = {
			isa = XCConfigurationList;
			buildConfigurations = (
				3B3FEB59249A193200CB1BD2 /* Debug */,
				3B3FEB5A249A193200CB1BD2 /* Release */,
			);
			defaultConfigurationIsVisible = 0;
			defaultConfigurationName = Release;
		};
/* End XCConfigurationList section */
	};
	rootObject = 3B3FEB37249A193000CB1BD2 /* Project object */;
}
